PODS:
  - FMDB (2.7.5):
    - FMDB/standard (= 2.7.5)
  - FMDB/standard (2.7.5)
  - SwiftLint (0.29.1)

DEPENDENCIES:
  - FMDB
  - SwiftLint

SPEC REPOS:
  https://github.com/cocoapods/specs.git:
    - FMDB
    - SwiftLint

SPEC CHECKSUMS:
  FMDB: 2ce00b547f966261cd18927a3ddb07cb6f3db82a
  SwiftLint: 6772320e40b52049053a518c17db9b0634a0b45a

PODFILE CHECKSUM: d6d440c20f665ca57aca3e2b3d78eb93e343f995

COCOAPODS: 1.5.3
